
Microsoft Visual Studio Solution File, Format Version 12.00
# Visual Studio Version 17
VisualStudioVersion = 17.13.35931.197 d17.13
MinimumVisualStudioVersion = 10.0.40219.1
Project("{FAE04EC0-301F-11D3-BF4B-00C04F79EFBC}") = "TP06", "TP06\TP06.csproj", "{40762198-301C-440D-86D6-DA1C23B5F69D}"
EndProject
Global
	GlobalSection(SolutionConfigurationPlatforms) = preSolution
		Debug|Any CPU = Debug|Any CPU
		Release|Any CPU = Release|Any CPU
	EndGlobalSection
	GlobalSection(ProjectConfigurationPlatforms) = postSolution
		{40762198-301C-440D-86D6-DA1C23B5F69D}.Debug|Any CPU.ActiveCfg = Debug|Any CPU
		{40762198-301C-440D-86D6-DA1C23B5F69D}.Debug|Any CPU.Build.0 = Debug|Any CPU
		{40762198-301C-440D-86D6-DA1C23B5F69D}.Release|Any CPU.ActiveCfg = Release|Any CPU
		{40762198-301C-440D-86D6-DA1C23B5F69D}.Release|Any CPU.Build.0 = Release|Any CPU
	EndGlobalSection
	GlobalSection(SolutionProperties) = preSolution
		HideSolutionNode = FALSE
	EndGlobalSection
	GlobalSection(ExtensibilityGlobals) = postSolution
		SolutionGuid = {C46559D3-40E8-4F46-B0B7-DACDCAAB0A2B}
	EndGlobalSection
EndGlobal
